// !$*UTF8*$!
{
	archiveVersion = 1;
	classes = {
	};
	objectVersion = 50;
	objects = {

/* Begin PBXBuildFile section */
		092469C82660195D00EF8B3A /* Conversion.swift in Sources */ = {isa = PBXBuildFile; fileRef = 092469C72660195D00EF8B3A /* Conversion.swift */; };
		092469CC26601A1100EF8B3A /* CurrencyRate.swift in Sources */ = {isa = PBXBuildFile; fileRef = 092469CB26601A1100EF8B3A /* CurrencyRate.swift */; };
		092469CF26601ADD00EF8B3A /* FetchCurrencyData.swift in Sources */ = {isa = PBXBuildFile; fileRef = 092469CE26601ADD00EF8B3A /* FetchCurrencyData.swift */; };
		092469D4266027DB00EF8B3A /* ContentView.swift in Sources */ = {isa = PBXBuildFile; fileRef = 092469D3266027DB00EF8B3A /* ContentView.swift */; };
		0957AB8A2660382700FC86F6 /* CurrencyCalculator.swift in Sources */ = {isa = PBXBuildFile; fileRef = 0957AB892660382700FC86F6 /* CurrencyCalculator.swift */; };
		099C00662670D68300B46E0C /* ConversionConvert.swift in Sources */ = {isa = PBXBuildFile; fileRef = 099C00652670D68300B46E0C /* ConversionConvert.swift */; };
		09A424A52672AA700087AE1F /* SpeedCalculatorModel.swift in Sources */ = {isa = PBXBuildFile; fileRef = 09A424A42672AA700087AE1F /* SpeedCalculatorModel.swift */; };
		09F7F23226668E7D000FEAD9 /* CurrencyCalculatorModel.swift in Sources */ = {isa = PBXBuildFile; fileRef = 09F7F23126668E7D000FEAD9 /* CurrencyCalculatorModel.swift */; };
		350D44E1265BCA740008C02F /* ReiseappApp.swift in Sources */ = {isa = PBXBuildFile; fileRef = 350D44E0265BCA740008C02F /* ReiseappApp.swift */; };
		350D44E5265BCA750008C02F /* Assets.xcassets in Resources */ = {isa = PBXBuildFile; fileRef = 350D44E4265BCA750008C02F /* Assets.xcassets */; };
		350D44E8265BCA750008C02F /* Preview Assets.xcassets in Resources */ = {isa = PBXBuildFile; fileRef = 350D44E7265BCA750008C02F /* Preview Assets.xcassets */; };
		353540C52664155E005255D5 /* TipCalculatorModel.swift in Sources */ = {isa = PBXBuildFile; fileRef = 353540C42664155E005255D5 /* TipCalculatorModel.swift */; };
		359BEA952670B73400564AC7 /* DropDown.swift in Sources */ = {isa = PBXBuildFile; fileRef = 359BEA942670B73400564AC7 /* DropDown.swift */; };
		359BEA972670D1E700564AC7 /* MeasurementCalculatorModel.swift in Sources */ = {isa = PBXBuildFile; fileRef = 359BEA962670D1E700564AC7 /* MeasurementCalculatorModel.swift */; };
		35C877A9265C0349002A98C7 /* CalculatorTab.swift in Sources */ = {isa = PBXBuildFile; fileRef = 35C877A8265C0349002A98C7 /* CalculatorTab.swift */; };
		35C877AB265C0376002A98C7 /* LocationTab.swift in Sources */ = {isa = PBXBuildFile; fileRef = 35C877AA265C0376002A98C7 /* LocationTab.swift */; };
		35C877AD265C26F0002A98C7 /* SettingsTab.swift in Sources */ = {isa = PBXBuildFile; fileRef = 35C877AC265C26F0002A98C7 /* SettingsTab.swift */; };
		35C877AF265C2A42002A98C7 /* SpeedCalculator.swift in Sources */ = {isa = PBXBuildFile; fileRef = 35C877AE265C2A42002A98C7 /* SpeedCalculator.swift */; };
		35C877B1265C2BB2002A98C7 /* TipCalculator.swift in Sources */ = {isa = PBXBuildFile; fileRef = 35C877B0265C2BB2002A98C7 /* TipCalculator.swift */; };
		35C877B3265C2BEE002A98C7 /* MeasurementCalculator.swift in Sources */ = {isa = PBXBuildFile; fileRef = 35C877B2265C2BEE002A98C7 /* MeasurementCalculator.swift */; };
		35C877B5265C2C16002A98C7 /* CurrencyExchange.swift in Sources */ = {isa = PBXBuildFile; fileRef = 35C877B4265C2C16002A98C7 /* CurrencyExchange.swift */; };
/* End PBXBuildFile section */

/* Begin PBXFileReference section */
		092469C72660195D00EF8B3A /* Conversion.swift */ = {isa = PBXFileReference; lastKnownFileType = sourcecode.swift; path = Conversion.swift; sourceTree = "<group>"; };
		092469CB26601A1100EF8B3A /* CurrencyRate.swift */ = {isa = PBXFileReference; lastKnownFileType = sourcecode.swift; path = CurrencyRate.swift; sourceTree = "<group>"; };
		092469CE26601ADD00EF8B3A /* FetchCurrencyData.swift */ = {isa = PBXFileReference; lastKnownFileType = sourcecode.swift; path = FetchCurrencyData.swift; sourceTree = "<group>"; };
		092469D3266027DB00EF8B3A /* ContentView.swift */ = {isa = PBXFileReference; lastKnownFileType = sourcecode.swift; path = ContentView.swift; sourceTree = "<group>"; };
		0957AB892660382700FC86F6 /* CurrencyCalculator.swift */ = {isa = PBXFileReference; lastKnownFileType = sourcecode.swift; path = CurrencyCalculator.swift; sourceTree = "<group>"; };
		099C00652670D68300B46E0C /* ConversionConvert.swift */ = {isa = PBXFileReference; lastKnownFileType = sourcecode.swift; path = ConversionConvert.swift; sourceTree = "<group>"; };
		09A424A42672AA700087AE1F /* SpeedCalculatorModel.swift */ = {isa = PBXFileReference; lastKnownFileType = sourcecode.swift; path = SpeedCalculatorModel.swift; sourceTree = "<group>"; };
		09F7F23126668E7D000FEAD9 /* CurrencyCalculatorModel.swift */ = {isa = PBXFileReference; lastKnownFileType = sourcecode.swift; path = CurrencyCalculatorModel.swift; sourceTree = "<group>"; };
		350D44DD265BCA740008C02F /* Reiseapp.app */ = {isa = PBXFileReference; explicitFileType = wrapper.application; includeInIndex = 0; path = Reiseapp.app; sourceTree = BUILT_PRODUCTS_DIR; };
		350D44E0265BCA740008C02F /* ReiseappApp.swift */ = {isa = PBXFileReference; lastKnownFileType = sourcecode.swift; path = ReiseappApp.swift; sourceTree = "<group>"; };
		350D44E4265BCA750008C02F /* Assets.xcassets */ = {isa = PBXFileReference; lastKnownFileType = folder.assetcatalog; path = Assets.xcassets; sourceTree = "<group>"; };
		350D44E7265BCA750008C02F /* Preview Assets.xcassets */ = {isa = PBXFileReference; lastKnownFileType = folder.assetcatalog; path = "Preview Assets.xcassets"; sourceTree = "<group>"; };
		350D44E9265BCA750008C02F /* Info.plist */ = {isa = PBXFileReference; lastKnownFileType = text.plist.xml; path = Info.plist; sourceTree = "<group>"; };
		353540C42664155E005255D5 /* TipCalculatorModel.swift */ = {isa = PBXFileReference; lastKnownFileType = sourcecode.swift; path = TipCalculatorModel.swift; sourceTree = "<group>"; };
		359BEA942670B73400564AC7 /* DropDown.swift */ = {isa = PBXFileReference; lastKnownFileType = sourcecode.swift; path = DropDown.swift; sourceTree = "<group>"; };
		359BEA962670D1E700564AC7 /* MeasurementCalculatorModel.swift */ = {isa = PBXFileReference; lastKnownFileType = sourcecode.swift; path = MeasurementCalculatorModel.swift; sourceTree = "<group>"; };
		35C877A8265C0349002A98C7 /* CalculatorTab.swift */ = {isa = PBXFileReference; lastKnownFileType = sourcecode.swift; path = CalculatorTab.swift; sourceTree = "<group>"; };
		35C877AA265C0376002A98C7 /* LocationTab.swift */ = {isa = PBXFileReference; lastKnownFileType = sourcecode.swift; path = LocationTab.swift; sourceTree = "<group>"; };
		35C877AC265C26F0002A98C7 /* SettingsTab.swift */ = {isa = PBXFileReference; lastKnownFileType = sourcecode.swift; path = SettingsTab.swift; sourceTree = "<group>"; };
		35C877AE265C2A42002A98C7 /* SpeedCalculator.swift */ = {isa = PBXFileReference; lastKnownFileType = sourcecode.swift; path = SpeedCalculator.swift; sourceTree = "<group>"; };
		35C877B0265C2BB2002A98C7 /* TipCalculator.swift */ = {isa = PBXFileReference; lastKnownFileType = sourcecode.swift; path = TipCalculator.swift; sourceTree = "<group>"; };
		35C877B2265C2BEE002A98C7 /* MeasurementCalculator.swift */ = {isa = PBXFileReference; lastKnownFileType = sourcecode.swift; path = MeasurementCalculator.swift; sourceTree = "<group>"; };
		35C877B4265C2C16002A98C7 /* CurrencyExchange.swift */ = {isa = PBXFileReference; lastKnownFileType = sourcecode.swift; path = CurrencyExchange.swift; sourceTree = "<group>"; };
/* End PBXFileReference section */

/* Begin PBXFrameworksBuildPhase section */
		350D44DA265BCA740008C02F /* Frameworks */ = {
			isa = PBXFrameworksBuildPhase;
			buildActionMask = 2147483647;
			files = (
			);
			runOnlyForDeploymentPostprocessing = 0;
		};
/* End PBXFrameworksBuildPhase section */

/* Begin PBXGroup section */
		094DBAA7266014D400877E51 /* Model */ = {
			isa = PBXGroup;
			children = (
				092469C72660195D00EF8B3A /* Conversion.swift */,
				099C00652670D68300B46E0C /* ConversionConvert.swift */,
				092469CB26601A1100EF8B3A /* CurrencyRate.swift */,
				353540C42664155E005255D5 /* TipCalculatorModel.swift */,
				09F7F23126668E7D000FEAD9 /* CurrencyCalculatorModel.swift */,
				359BEA962670D1E700564AC7 /* MeasurementCalculatorModel.swift */,
				09A424A42672AA700087AE1F /* SpeedCalculatorModel.swift */,
			);
			path = Model;
			sourceTree = "<group>";
		};
		094DBAAA2660153600877E51 /* ViewModel */ = {
			isa = PBXGroup;
			children = (
				092469CE26601ADD00EF8B3A /* FetchCurrencyData.swift */,
			);
			path = ViewModel;
			sourceTree = "<group>";
		};
		09A96A8D2661226600A18775 /* View */ = {
			isa = PBXGroup;
			children = (
				35C877B2265C2BEE002A98C7 /* MeasurementCalculator.swift */,
				35C877B4265C2C16002A98C7 /* CurrencyExchange.swift */,
				35C877AE265C2A42002A98C7 /* SpeedCalculator.swift */,
				35C877B0265C2BB2002A98C7 /* TipCalculator.swift */,
				0957AB892660382700FC86F6 /* CurrencyCalculator.swift */,
			);
			path = View;
			sourceTree = "<group>";
		};
		350D44D4265BCA740008C02F = {
			isa = PBXGroup;
			children = (
				350D44DF265BCA740008C02F /* Reiseapp */,
				350D44DE265BCA740008C02F /* Products */,
			);
			sourceTree = "<group>";
		};
		350D44DE265BCA740008C02F /* Products */ = {
			isa = PBXGroup;
			children = (
				350D44DD265BCA740008C02F /* Reiseapp.app */,
			);
			name = Products;
			sourceTree = "<group>";
		};
		350D44DF265BCA740008C02F /* Reiseapp */ = {
			isa = PBXGroup;
			children = (
				359BEA932670B6FB00564AC7 /* Components */,
				35C877B7265C2C5E002A98C7 /* Tabs */,
				35C877B6265C2C23002A98C7 /* Calculators */,
				350D44E0265BCA740008C02F /* ReiseappApp.swift */,
				092469D3266027DB00EF8B3A /* ContentView.swift */,
				350D44E4265BCA750008C02F /* Assets.xcassets */,
				350D44E9265BCA750008C02F /* Info.plist */,
				350D44E6265BCA750008C02F /* Preview Content */,
			);
			path = Reiseapp;
			sourceTree = "<group>";
		};
		350D44E6265BCA750008C02F /* Preview Content */ = {
			isa = PBXGroup;
			children = (
				350D44E7265BCA750008C02F /* Preview Assets.xcassets */,
			);
			path = "Preview Content";
			sourceTree = "<group>";
		};
		359BEA932670B6FB00564AC7 /* Components */ = {
			isa = PBXGroup;
			children = (
				359BEA942670B73400564AC7 /* DropDown.swift */,
			);
			path = Components;
			sourceTree = "<group>";
		};
		35C877B6265C2C23002A98C7 /* Calculators */ = {
			isa = PBXGroup;
			children = (
				09A96A8D2661226600A18775 /* View */,
				094DBAA7266014D400877E51 /* Model */,
				094DBAAA2660153600877E51 /* ViewModel */,
			);
			path = Calculators;
			sourceTree = "<group>";
		};
		35C877B7265C2C5E002A98C7 /* Tabs */ = {
			isa = PBXGroup;
			children = (
				35C877A8265C0349002A98C7 /* CalculatorTab.swift */,
				35C877AA265C0376002A98C7 /* LocationTab.swift */,
				35C877AC265C26F0002A98C7 /* SettingsTab.swift */,
			);
			path = Tabs;
			sourceTree = "<group>";
		};
/* End PBXGroup section */

/* Begin PBXNativeTarget section */
		350D44DC265BCA740008C02F /* Reiseapp */ = {
			isa = PBXNativeTarget;
			buildConfigurationList = 350D44EC265BCA750008C02F /* Build configuration list for PBXNativeTarget "Reiseapp" */;
			buildPhases = (
				350D44D9265BCA740008C02F /* Sources */,
				350D44DA265BCA740008C02F /* Frameworks */,
				350D44DB265BCA740008C02F /* Resources */,
			);
			buildRules = (
			);
			dependencies = (
			);
			name = Reiseapp;
			productName = Reiseapp;
			productReference = 350D44DD265BCA740008C02F /* Reiseapp.app */;
			productType = "com.apple.product-type.application";
		};
/* End PBXNativeTarget section */

/* Begin PBXProject section */
		350D44D5265BCA740008C02F /* Project object */ = {
			isa = PBXProject;
			attributes = {
				LastSwiftUpdateCheck = 1250;
				LastUpgradeCheck = 1250;
				TargetAttributes = {
					350D44DC265BCA740008C02F = {
						CreatedOnToolsVersion = 12.5;
					};
				};
			};
			buildConfigurationList = 350D44D8265BCA740008C02F /* Build configuration list for PBXProject "Reiseapp" */;
			compatibilityVersion = "Xcode 9.3";
			developmentRegion = en;
			hasScannedForEncodings = 0;
			knownRegions = (
				en,
				Base,
			);
			mainGroup = 350D44D4265BCA740008C02F;
			productRefGroup = 350D44DE265BCA740008C02F /* Products */;
			projectDirPath = "";
			projectRoot = "";
			targets = (
				350D44DC265BCA740008C02F /* Reiseapp */,
			);
		};
/* End PBXProject section */

/* Begin PBXResourcesBuildPhase section */
		350D44DB265BCA740008C02F /* Resources */ = {
			isa = PBXResourcesBuildPhase;
			buildActionMask = 2147483647;
			files = (
				350D44E8265BCA750008C02F /* Preview Assets.xcassets in Resources */,
				350D44E5265BCA750008C02F /* Assets.xcassets in Resources */,
			);
			runOnlyForDeploymentPostprocessing = 0;
		};
/* End PBXResourcesBuildPhase section */

/* Begin PBXSourcesBuildPhase section */
		350D44D9265BCA740008C02F /* Sources */ = {
			isa = PBXSourcesBuildPhase;
			buildActionMask = 2147483647;
			files = (
				09A424A52672AA700087AE1F /* SpeedCalculatorModel.swift in Sources */,
				359BEA972670D1E700564AC7 /* MeasurementCalculatorModel.swift in Sources */,
				35C877B5265C2C16002A98C7 /* CurrencyExchange.swift in Sources */,
				353540C52664155E005255D5 /* TipCalculatorModel.swift in Sources */,
				092469C82660195D00EF8B3A /* Conversion.swift in Sources */,
				0957AB8A2660382700FC86F6 /* CurrencyCalculator.swift in Sources */,
				092469D4266027DB00EF8B3A /* ContentView.swift in Sources */,
				35C877AB265C0376002A98C7 /* LocationTab.swift in Sources */,
				359BEA952670B73400564AC7 /* DropDown.swift in Sources */,
				35C877AD265C26F0002A98C7 /* SettingsTab.swift in Sources */,
				092469CF26601ADD00EF8B3A /* FetchCurrencyData.swift in Sources */,
				350D44E1265BCA740008C02F /* ReiseappApp.swift in Sources */,
				099C00662670D68300B46E0C /* ConversionConvert.swift in Sources */,
				09F7F23226668E7D000FEAD9 /* CurrencyCalculatorModel.swift in Sources */,
				092469CC26601A1100EF8B3A /* CurrencyRate.swift in Sources */,
				35C877A9265C0349002A98C7 /* CalculatorTab.swift in Sources */,
				35C877AF265C2A42002A98C7 /* SpeedCalculator.swift in Sources */,
				35C877B3265C2BEE002A98C7 /* MeasurementCalculator.swift in Sources */,
				35C877B1265C2BB2002A98C7 /* TipCalculator.swift in Sources */,
			);
			runOnlyForDeploymentPostprocessing = 0;
		};
/* End PBXSourcesBuildPhase section */

/* Begin XCBuildConfiguration section */
		350D44EA265BCA750008C02F /* Debug */ = {
			isa = XCBuildConfiguration;
			buildSettings = {
				ALWAYS_SEARCH_USER_PATHS = NO;
				CLANG_ANALYZER_NONNULL = YES;
				CLANG_ANALYZER_NUMBER_OBJECT_CONVERSION = YES_AGGRESSIVE;
				CLANG_CXX_LANGUAGE_STANDARD = "gnu++14";
				CLANG_CXX_LIBRARY = "libc++";
				CLANG_ENABLE_MODULES = YES;
				CLANG_ENABLE_OBJC_ARC = YES;
				CLANG_ENABLE_OBJC_WEAK = YES;
				CLANG_WARN_BLOCK_CAPTURE_AUTORELEASING = YES;
				CLANG_WARN_BOOL_CONVERSION = YES;
				CLANG_WARN_COMMA = YES;
				CLANG_WARN_CONSTANT_CONVERSION = YES;
				CLANG_WARN_DEPRECATED_OBJC_IMPLEMENTATIONS = YES;
				CLANG_WARN_DIRECT_OBJC_ISA_USAGE = YES_ERROR;
				CLANG_WARN_DOCUMENTATION_COMMENTS = YES;
				CLANG_WARN_EMPTY_BODY = YES;
				CLANG_WARN_ENUM_CONVERSION = YES;
				CLANG_WARN_INFINITE_RECURSION = YES;
				CLANG_WARN_INT_CONVERSION = YES;
				CLANG_WARN_NON_LITERAL_NULL_CONVERSION = YES;
				CLANG_WARN_OBJC_IMPLICIT_RETAIN_SELF = YES;
				CLANG_WARN_OBJC_LITERAL_CONVERSION = YES;
				CLANG_WARN_OBJC_ROOT_CLASS = YES_ERROR;
				CLANG_WARN_QUOTED_INCLUDE_IN_FRAMEWORK_HEADER = YES;
				CLANG_WARN_RANGE_LOOP_ANALYSIS = YES;
				CLANG_WARN_STRICT_PROTOTYPES = YES;
				CLANG_WARN_SUSPICIOUS_MOVE = YES;
				CLANG_WARN_UNGUARDED_AVAILABILITY = YES_AGGRESSIVE;
				CLANG_WARN_UNREACHABLE_CODE = YES;
				CLANG_WARN__DUPLICATE_METHOD_MATCH = YES;
				COPY_PHASE_STRIP = NO;
				DEBUG_INFORMATION_FORMAT = dwarf;
				ENABLE_STRICT_OBJC_MSGSEND = YES;
				ENABLE_TESTABILITY = YES;
				GCC_C_LANGUAGE_STANDARD = gnu11;
				GCC_DYNAMIC_NO_PIC = NO;
				GCC_NO_COMMON_BLOCKS = YES;
				GCC_OPTIMIZATION_LEVEL = 0;
				GCC_PREPROCESSOR_DEFINITIONS = (
					"DEBUG=1",
					"$(inherited)",
				);
				GCC_WARN_64_TO_32_BIT_CONVERSION = YES;
				GCC_WARN_ABOUT_RETURN_TYPE = YES_ERROR;
				GCC_WARN_UNDECLARED_SELECTOR = YES;
				GCC_WARN_UNINITIALIZED_AUTOS = YES_AGGRESSIVE;
				GCC_WARN_UNUSED_FUNCTION = YES;
				GCC_WARN_UNUSED_VARIABLE = YES;
				IPHONEOS_DEPLOYMENT_TARGET = 14.5;
				MTL_ENABLE_DEBUG_INFO = INCLUDE_SOURCE;
				MTL_FAST_MATH = YES;
				ONLY_ACTIVE_ARCH = YES;
				SDKROOT = iphoneos;
				SWIFT_ACTIVE_COMPILATION_CONDITIONS = DEBUG;
				SWIFT_OPTIMIZATION_LEVEL = "-Onone";
			};
			name = Debug;
		};
		350D44EB265BCA750008C02F /* Release */ = {
			isa = XCBuildConfiguration;
			buildSettings = {
				ALWAYS_SEARCH_USER_PATHS = NO;
				CLANG_ANALYZER_NONNULL = YES;
				CLANG_ANALYZER_NUMBER_OBJECT_CONVERSION = YES_AGGRESSIVE;
				CLANG_CXX_LANGUAGE_STANDARD = "gnu++14";
				CLANG_CXX_LIBRARY = "libc++";
				CLANG_ENABLE_MODULES = YES;
				CLANG_ENABLE_OBJC_ARC = YES;
				CLANG_ENABLE_OBJC_WEAK = YES;
				CLANG_WARN_BLOCK_CAPTURE_AUTORELEASING = YES;
				CLANG_WARN_BOOL_CONVERSION = YES;
				CLANG_WARN_COMMA = YES;
				CLANG_WARN_CONSTANT_CONVERSION = YES;
				CLANG_WARN_DEPRECATED_OBJC_IMPLEMENTATIONS = YES;
				CLANG_WARN_DIRECT_OBJC_ISA_USAGE = YES_ERROR;
				CLANG_WARN_DOCUMENTATION_COMMENTS = YES;
				CLANG_WARN_EMPTY_BODY = YES;
				CLANG_WARN_ENUM_CONVERSION = YES;
				CLANG_WARN_INFINITE_RECURSION = YES;
				CLANG_WARN_INT_CONVERSION = YES;
				CLANG_WARN_NON_LITERAL_NULL_CONVERSION = YES;
				CLANG_WARN_OBJC_IMPLICIT_RETAIN_SELF = YES;
				CLANG_WARN_OBJC_LITERAL_CONVERSION = YES;
				CLANG_WARN_OBJC_ROOT_CLASS = YES_ERROR;
				CLANG_WARN_QUOTED_INCLUDE_IN_FRAMEWORK_HEADER = YES;
				CLANG_WARN_RANGE_LOOP_ANALYSIS = YES;
				CLANG_WARN_STRICT_PROTOTYPES = YES;
				CLANG_WARN_SUSPICIOUS_MOVE = YES;
				CLANG_WARN_UNGUARDED_AVAILABILITY = YES_AGGRESSIVE;
				CLANG_WARN_UNREACHABLE_CODE = YES;
				CLANG_WARN__DUPLICATE_METHOD_MATCH = YES;
				COPY_PHASE_STRIP = NO;
				DEBUG_INFORMATION_FORMAT = "dwarf-with-dsym";
				ENABLE_NS_ASSERTIONS = NO;
				ENABLE_STRICT_OBJC_MSGSEND = YES;
				GCC_C_LANGUAGE_STANDARD = gnu11;
				GCC_NO_COMMON_BLOCKS = YES;
				GCC_WARN_64_TO_32_BIT_CONVERSION = YES;
				GCC_WARN_ABOUT_RETURN_TYPE = YES_ERROR;
				GCC_WARN_UNDECLARED_SELECTOR = YES;
				GCC_WARN_UNINITIALIZED_AUTOS = YES_AGGRESSIVE;
				GCC_WARN_UNUSED_FUNCTION = YES;
				GCC_WARN_UNUSED_VARIABLE = YES;
				IPHONEOS_DEPLOYMENT_TARGET = 14.5;
				MTL_ENABLE_DEBUG_INFO = NO;
				MTL_FAST_MATH = YES;
				SDKROOT = iphoneos;
				SWIFT_COMPILATION_MODE = wholemodule;
				SWIFT_OPTIMIZATION_LEVEL = "-O";
				VALIDATE_PRODUCT = YES;
			};
			name = Release;
		};
		350D44ED265BCA750008C02F /* Debug */ = {
			isa = XCBuildConfiguration;
			buildSettings = {
				ASSETCATALOG_COMPILER_APPICON_NAME = AppIcon;
				ASSETCATALOG_COMPILER_GLOBAL_ACCENT_COLOR_NAME = AccentColor;
				CODE_SIGN_STYLE = Automatic;
				DEVELOPMENT_ASSET_PATHS = "\"Reiseapp/Preview Content\"";
				ENABLE_PREVIEWS = YES;
				INFOPLIST_FILE = Reiseapp/Info.plist;
				IPHONEOS_DEPLOYMENT_TARGET = 14.0;
				LD_RUNPATH_SEARCH_PATHS = (
					"$(inherited)",
					"@executable_path/Frameworks",
				);
				PRODUCT_BUNDLE_IDENTIFIER = de.thm.fma1.Reiseapp;
				PRODUCT_NAME = "$(TARGET_NAME)";
				SWIFT_VERSION = 5.0;
				TARGETED_DEVICE_FAMILY = "1,2";
			};
			name = Debug;
		};
		350D44EE265BCA750008C02F /* Release */ = {
			isa = XCBuildConfiguration;
			buildSettings = {
				ASSETCATALOG_COMPILER_APPICON_NAME = AppIcon;
				ASSETCATALOG_COMPILER_GLOBAL_ACCENT_COLOR_NAME = AccentColor;
				CODE_SIGN_STYLE = Automatic;
				DEVELOPMENT_ASSET_PATHS = "\"Reiseapp/Preview Content\"";
				ENABLE_PREVIEWS = YES;
				INFOPLIST_FILE = Reiseapp/Info.plist;
				IPHONEOS_DEPLOYMENT_TARGET = 14.0;
				LD_RUNPATH_SEARCH_PATHS = (
					"$(inherited)",
					"@executable_path/Frameworks",
				);
				PRODUCT_BUNDLE_IDENTIFIER = de.thm.fma1.Reiseapp;
				PRODUCT_NAME = "$(TARGET_NAME)";
				SWIFT_VERSION = 5.0;
				TARGETED_DEVICE_FAMILY = "1,2";
			};
			name = Release;
		};
/* End XCBuildConfiguration section */

/* Begin XCConfigurationList section */
		350D44D8265BCA740008C02F /* Build configuration list for PBXProject "Reiseapp" */ = {
			isa = XCConfigurationList;
			buildConfigurations = (
				350D44EA265BCA750008C02F /* Debug */,
				350D44EB265BCA750008C02F /* Release */,
			);
			defaultConfigurationIsVisible = 0;
			defaultConfigurationName = Release;
		};
		350D44EC265BCA750008C02F /* Build configuration list for PBXNativeTarget "Reiseapp" */ = {
			isa = XCConfigurationList;
			buildConfigurations = (
				350D44ED265BCA750008C02F /* Debug */,
				350D44EE265BCA750008C02F /* Release */,
			);
			defaultConfigurationIsVisible = 0;
			defaultConfigurationName = Release;
		};
/* End XCConfigurationList section */
	};
	rootObject = 350D44D5265BCA740008C02F /* Project object */;
}
